
Microsoft Visual Studio Solution File, Format Version 12.00
# Visual Studio Version 17
VisualStudioVersion = 17.12.35707.178
MinimumVisualStudioVersion = 10.0.40219.1
Project("{FAE04EC0-301F-11D3-BF4B-00C04F79EFBC}") = "ExerciseTracker.HemanthSharma", "ExerciseTracker.HemanthSharma\ExerciseTracker.HemanthSharma.csproj", "{5CAB8E83-D604-455F-ACDF-0166CF575818}"
EndProject
Project("{FAE04EC0-301F-11D3-BF4B-00C04F79EFBC}") = "Exercisetracker.UI", "Exercisetracker.UI\Exercisetracker.UI.csproj", "{0517394A-116F-4C1C-BCDA-6CFB1C867BB5}"
EndProject
Global
	GlobalSection(SolutionConfigurationPlatforms) = preSolution
		Debug|Any CPU = Debug|Any CPU
		Release|Any CPU = Release|Any CPU
	EndGlobalSection
	GlobalSection(ProjectConfigurationPlatforms) = postSolution
		{5CAB8E83-D604-455F-ACDF-0166CF575818}.Debug|Any CPU.ActiveCfg = Debug|Any CPU
		{5CAB8E83-D604-455F-ACDF-0166CF575818}.Debug|Any CPU.Build.0 = Debug|Any CPU
		{5CAB8E83-D604-455F-ACDF-0166CF575818}.Release|Any CPU.ActiveCfg = Release|Any CPU
		{5CAB8E83-D604-455F-ACDF-0166CF575818}.Release|Any CPU.Build.0 = Release|Any CPU
		{0517394A-116F-4C1C-BCDA-6CFB1C867BB5}.Debug|Any CPU.ActiveCfg = Debug|Any CPU
		{0517394A-116F-4C1C-BCDA-6CFB1C867BB5}.Debug|Any CPU.Build.0 = Debug|Any CPU
		{0517394A-116F-4C1C-BCDA-6CFB1C867BB5}.Release|Any CPU.ActiveCfg = Release|Any CPU
		{0517394A-116F-4C1C-BCDA-6CFB1C867BB5}.Release|Any CPU.Build.0 = Release|Any CPU
	EndGlobalSection
	GlobalSection(SolutionProperties) = preSolution
		HideSolutionNode = FALSE
	EndGlobalSection
EndGlobal
