
Microsoft Visual Studio Solution File, Format Version 12.00
# Visual Studio Version 17
VisualStudioVersion = 17.10.35027.167
MinimumVisualStudioVersion = 10.0.40219.1
Project("{FAE04EC0-301F-11D3-BF4B-00C04F79EFBC}") = "ExerciseTracker.API", "ExerciseTracker.API\ExerciseTracker.API.csproj", "{05E07296-95E5-4BA4-A7A8-7636AF945684}"
EndProject
Project("{FAE04EC0-301F-11D3-BF4B-00C04F79EFBC}") = "ExerciseTracker.EF", "ExerciseTracker.EF\ExerciseTracker.EF.csproj", "{37798220-BE2E-4D7B-9C7B-AD9B09284739}"
EndProject
Project("{FAE04EC0-301F-11D3-BF4B-00C04F79EFBC}") = "ExerciseTracker.Core", "ExerciseTracker.Core\ExerciseTracker.Core.csproj", "{246A03AD-FD46-4CFD-9D2C-7B3CF0D43217}"
EndProject
Global
	GlobalSection(SolutionConfigurationPlatforms) = preSolution
		Debug|Any CPU = Debug|Any CPU
		Release|Any CPU = Release|Any CPU
	EndGlobalSection
	GlobalSection(ProjectConfigurationPlatforms) = postSolution
		{05E07296-95E5-4BA4-A7A8-7636AF945684}.Debug|Any CPU.ActiveCfg = Debug|Any CPU
		{05E07296-95E5-4BA4-A7A8-7636AF945684}.Debug|Any CPU.Build.0 = Debug|Any CPU
		{05E07296-95E5-4BA4-A7A8-7636AF945684}.Release|Any CPU.ActiveCfg = Release|Any CPU
		{05E07296-95E5-4BA4-A7A8-7636AF945684}.Release|Any CPU.Build.0 = Release|Any CPU
		{37798220-BE2E-4D7B-9C7B-AD9B09284739}.Debug|Any CPU.ActiveCfg = Debug|Any CPU
		{37798220-BE2E-4D7B-9C7B-AD9B09284739}.Debug|Any CPU.Build.0 = Debug|Any CPU
		{37798220-BE2E-4D7B-9C7B-AD9B09284739}.Release|Any CPU.ActiveCfg = Release|Any CPU
		{37798220-BE2E-4D7B-9C7B-AD9B09284739}.Release|Any CPU.Build.0 = Release|Any CPU
		{246A03AD-FD46-4CFD-9D2C-7B3CF0D43217}.Debug|Any CPU.ActiveCfg = Debug|Any CPU
		{246A03AD-FD46-4CFD-9D2C-7B3CF0D43217}.Debug|Any CPU.Build.0 = Debug|Any CPU
		{246A03AD-FD46-4CFD-9D2C-7B3CF0D43217}.Release|Any CPU.ActiveCfg = Release|Any CPU
		{246A03AD-FD46-4CFD-9D2C-7B3CF0D43217}.Release|Any CPU.Build.0 = Release|Any CPU
	EndGlobalSection
	GlobalSection(SolutionProperties) = preSolution
		HideSolutionNode = FALSE
	EndGlobalSection
	GlobalSection(ExtensibilityGlobals) = postSolution
		SolutionGuid = {C1AF6290-8FD3-4756-83F4-2D8B4CAC270B}
	EndGlobalSection
EndGlobal
