
Microsoft Visual Studio Solution File, Format Version 12.00
# Visual Studio Version 17
VisualStudioVersion = 17.11.35303.130
MinimumVisualStudioVersion = 10.0.40219.1
Project("{FAE04EC0-301F-11D3-BF4B-00C04F79EFBC}") = "ExerciseTracker.cacheMe512", "ExerciseTracker.cacheMe512\ExerciseTracker.cacheMe512.csproj", "{1B25EB5F-C2AD-4A63-BDFB-D1B1F2F2BAA5}"
EndProject
Global
	GlobalSection(SolutionConfigurationPlatforms) = preSolution
		Debug|Any CPU = Debug|Any CPU
		Release|Any CPU = Release|Any CPU
	EndGlobalSection
	GlobalSection(ProjectConfigurationPlatforms) = postSolution
		{1B25EB5F-C2AD-4A63-BDFB-D1B1F2F2BAA5}.Debug|Any CPU.ActiveCfg = Debug|Any CPU
		{1B25EB5F-C2AD-4A63-BDFB-D1B1F2F2BAA5}.Debug|Any CPU.Build.0 = Debug|Any CPU
		{1B25EB5F-C2AD-4A63-BDFB-D1B1F2F2BAA5}.Release|Any CPU.ActiveCfg = Release|Any CPU
		{1B25EB5F-C2AD-4A63-BDFB-D1B1F2F2BAA5}.Release|Any CPU.Build.0 = Release|Any CPU
	EndGlobalSection
	GlobalSection(SolutionProperties) = preSolution
		HideSolutionNode = FALSE
	EndGlobalSection
	GlobalSection(ExtensibilityGlobals) = postSolution
		SolutionGuid = {A52CDDB6-B938-4D15-870E-9AE65A89AADC}
	EndGlobalSection
EndGlobal
