
Microsoft Visual Studio Solution File, Format Version 12.00
# Visual Studio Version 17
VisualStudioVersion = 17.10.35122.118
MinimumVisualStudioVersion = 10.0.40219.1
Project("{FAE04EC0-301F-11D3-BF4B-00C04F79EFBC}") = "ExerciseTracker.KroksasC", "ExerciseTracker.KroksasC\ExerciseTracker.KroksasC.csproj", "{C16C3F3A-CAE0-42C0-9802-27A4D0B1ABC8}"
EndProject
Global
	GlobalSection(SolutionConfigurationPlatforms) = preSolution
		Debug|Any CPU = Debug|Any CPU
		Release|Any CPU = Release|Any CPU
	EndGlobalSection
	GlobalSection(ProjectConfigurationPlatforms) = postSolution
		{C16C3F3A-CAE0-42C0-9802-27A4D0B1ABC8}.Debug|Any CPU.ActiveCfg = Debug|Any CPU
		{C16C3F3A-CAE0-42C0-9802-27A4D0B1ABC8}.Debug|Any CPU.Build.0 = Debug|Any CPU
		{C16C3F3A-CAE0-42C0-9802-27A4D0B1ABC8}.Release|Any CPU.ActiveCfg = Release|Any CPU
		{C16C3F3A-CAE0-42C0-9802-27A4D0B1ABC8}.Release|Any CPU.Build.0 = Release|Any CPU
	EndGlobalSection
	GlobalSection(SolutionProperties) = preSolution
		HideSolutionNode = FALSE
	EndGlobalSection
	GlobalSection(ExtensibilityGlobals) = postSolution
		SolutionGuid = {6640FD2E-B76D-49A6-95F3-AF1FBAA17807}
	EndGlobalSection
EndGlobal
