
Microsoft Visual Studio Solution File, Format Version 12.00
# Visual Studio Version 17
VisualStudioVersion = 17.13.35818.85 d17.13
MinimumVisualStudioVersion = 10.0.40219.1
Project("{FAE04EC0-301F-11D3-BF4B-00C04F79EFBC}") = "JafnaEcommerceApi", "JafnaEcommerceApi\JafnaEcommerceApi.csproj", "{533FB58A-287D-40BE-99DD-2C0A7C3AE478}"
EndProject
Global
	GlobalSection(SolutionConfigurationPlatforms) = preSolution
		Debug|Any CPU = Debug|Any CPU
		Release|Any CPU = Release|Any CPU
	EndGlobalSection
	GlobalSection(ProjectConfigurationPlatforms) = postSolution
		{533FB58A-287D-40BE-99DD-2C0A7C3AE478}.Debug|Any CPU.ActiveCfg = Debug|Any CPU
		{533FB58A-287D-40BE-99DD-2C0A7C3AE478}.Debug|Any CPU.Build.0 = Debug|Any CPU
		{533FB58A-287D-40BE-99DD-2C0A7C3AE478}.Release|Any CPU.ActiveCfg = Release|Any CPU
		{533FB58A-287D-40BE-99DD-2C0A7C3AE478}.Release|Any CPU.Build.0 = Release|Any CPU
	EndGlobalSection
	GlobalSection(SolutionProperties) = preSolution
		HideSolutionNode = FALSE
	EndGlobalSection
	GlobalSection(ExtensibilityGlobals) = postSolution
		SolutionGuid = {5E52E7E8-BBD8-454F-93EB-AEF0C371194E}
	EndGlobalSection
EndGlobal
