
Microsoft Visual Studio Solution File, Format Version 12.00
Project("{FAE04EC0-301F-11D3-BF4B-00C04F79EFBC}") = "ExerciseTracker.KamilKolanowski", "ExerciseTracker.KamilKolanowski.csproj", "{272469A2-BA6F-439D-B3A7-80A50E967D44}"
EndProject
Global
	GlobalSection(SolutionConfigurationPlatforms) = preSolution
		Debug|Any CPU = Debug|Any CPU
		Release|Any CPU = Release|Any CPU
	EndGlobalSection
	GlobalSection(ProjectConfigurationPlatforms) = postSolution
		{272469A2-BA6F-439D-B3A7-80A50E967D44}.Debug|Any CPU.ActiveCfg = Debug|Any CPU
		{272469A2-BA6F-439D-B3A7-80A50E967D44}.Debug|Any CPU.Build.0 = Debug|Any CPU
		{272469A2-BA6F-439D-B3A7-80A50E967D44}.Release|Any CPU.ActiveCfg = Release|Any CPU
		{272469A2-BA6F-439D-B3A7-80A50E967D44}.Release|Any CPU.Build.0 = Release|Any CPU
	EndGlobalSection
EndGlobal
